{
    "_meta": {
        "hash": {
            "sha256": "c8c664f0634b45e3904bfcbcb3e8270bbd80e91b982f1314795bd81a9aca9d6a"
        },
        "pipfile-spec": 6,
        "requires": {
            "python_full_version": "3.11.8",
            "python_version": "3.11"
        },
        "sources": [
            {
                "name": "pypi",
                "url": "https://pypi.org/simple",
                "verify_ssl": true
            }
        ]
    },
    "default": {
        "absl-py": {
            "hashes": [
                "sha256:526a04eadab8b4ee719ce68f204172ead1027549089702d99b9059f129ff1308",
                "sha256:7820790efbb316739cde8b4e19357243fc3608a152024288513dd968d7d959ff"
            ],
            "markers": "python_version >= '3.7'",
            "version": "==2.1.0"
        },
        "h5py": {
            "hashes": [
                "sha256:018a4597f35092ae3fb28ee851fdc756d2b88c96336b8480e124ce1ac6fb9166",
                "sha256:050a4f2c9126054515169c49cb900949814987f0c7ae74c341b0c9f9b5056834",
                "sha256:06a903a4e4e9e3ebbc8b548959c3c2552ca2d70dac14fcfa650d9261c66939ed",
                "sha256:1473348139b885393125126258ae2d70753ef7e9cec8e7848434f385ae72069e",
                "sha256:2f0f1a382cbf494679c07b4371f90c70391dedb027d517ac94fa2c05299dacda",
                "sha256:326d70b53d31baa61f00b8aa5f95c2fcb9621a3ee8365d770c551a13dbbcbfdf",
                "sha256:3b15d8dbd912c97541312c0e07438864d27dbca857c5ad634de68110c6beb1c2",
                "sha256:3fdf95092d60e8130ba6ae0ef7a9bd4ade8edbe3569c13ebbaf39baefffc5ba4",
                "sha256:4532c7e97fbef3d029735db8b6f5bf01222d9ece41e309b20d63cfaae2fb5c4d",
                "sha256:513171e90ed92236fc2ca363ce7a2fc6f2827375efcbb0cc7fbdd7fe11fecafc",
                "sha256:52ab036c6c97055b85b2a242cb540ff9590bacfda0c03dd0cf0661b311f522f8",
                "sha256:577d618d6b6dea3da07d13cc903ef9634cde5596b13e832476dd861aaf651f3e",
                "sha256:59400f88343b79655a242068a9c900001a34b63e3afb040bd7cdf717e440f653",
                "sha256:59685fe40d8c1fbbee088c88cd4da415a2f8bee5c270337dc5a1c4aa634e3307",
                "sha256:5c4b41d1019322a5afc5082864dfd6359f8935ecd37c11ac0029be78c5d112c9",
                "sha256:62be1fc0ef195891949b2c627ec06bc8e837ff62d5b911b6e42e38e0f20a897d",
                "sha256:6fdf6d7936fa824acfa27305fe2d9f39968e539d831c5bae0e0d83ed521ad1ac",
                "sha256:7b3b8f3b48717e46c6a790e3128d39c61ab595ae0a7237f06dfad6a3b51d5351",
                "sha256:84342bffd1f82d4f036433e7039e241a243531a1d3acd7341b35ae58cdab05bf",
                "sha256:ad8a76557880aed5234cfe7279805f4ab5ce16b17954606cca90d578d3e713ef",
                "sha256:ba51c0c5e029bb5420a343586ff79d56e7455d496d18a30309616fdbeed1068f",
                "sha256:cb65f619dfbdd15e662423e8d257780f9a66677eae5b4b3fc9dca70b5fd2d2a3",
                "sha256:ccd9006d92232727d23f784795191bfd02294a4f2ba68708825cb1da39511a93",
                "sha256:d2b8dd64f127d8b324f5d2cd1c0fd6f68af69084e9e47d27efeb9e28e685af3e",
                "sha256:d3e465aee0ec353949f0f46bf6c6f9790a2006af896cee7c178a8c3e5090aa32",
                "sha256:e4d51919110a030913201422fb07987db4338eba5ec8c5a15d6fab8e03d443fc"
            ],
            "markers": "python_version >= '3.9'",
            "version": "==3.12.1"
        },
        "joblib": {
            "hashes": [
                "sha256:06d478d5674cbc267e7496a410ee875abd68e4340feff4490bcb7afb88060ae6",
                "sha256:2382c5816b2636fbd20a09e0f4e9dad4736765fdfb7dca582943b9c1366b3f0e"
            ],
            "markers": "python_version >= '3.8'",
            "version": "==1.4.2"
        },
        "keras": {
            "hashes": [
                "sha256:405727525a3522ed8f9ec0b46e0667e4c65fcf714a067322c16a00d902ded41d",
                "sha256:49585e4577f6e86bd890d96dfbcb1890f5bab5967ef831c07fd63f9d86e4bfe9"
            ],
            "markers": "python_version >= '3.9'",
            "version": "==3.6.0"
        },
        "markdown-it-py": {
            "hashes": [
                "sha256:355216845c60bd96232cd8d8c40e8f9765cc86f46880e43a8fd22dc1a1a8cab1",
                "sha256:e3f60a94fa066dc52ec76661e37c851cb232d92f9886b15cb560aaada2df8feb"
            ],
            "markers": "python_version >= '3.8'",
            "version": "==3.0.0"
        },
        "mdurl": {
            "hashes": [
                "sha256:84008a41e51615a49fc9966191ff91509e3c40b939176e643fd50a5c2196b8f8",
                "sha256:bb413d29f5eea38f31dd4754dd7377d4465116fb207585f97bf925588687c1ba"
            ],
            "markers": "python_version >= '3.7'",
            "version": "==0.1.2"
        },
        "ml-dtypes": {
            "hashes": [
                "sha256:099e09edd54e676903b4538f3815b5ab96f5b119690514602d96bfdb67172cbe",
                "sha256:2e7534392682c3098bc7341648c650864207169c654aed83143d7a19c67ae06f",
                "sha256:3e7d3a380fe73a63c884f06136f8baa7a5249cc8e9fdec677997dd78549f8128",
                "sha256:54415257f00eb44fbcc807454efac3356f75644f1cbfc2d4e5522a72ae1dacab",
                "sha256:5f2b59233a0dbb6a560b3137ed6125433289ccba2f8d9c3695a52423a369ed15",
                "sha256:60275f2b51b56834e840c4809fca840565f9bf8e9a73f6d8c94f5b5935701215",
                "sha256:76942f6aeb5c40766d5ea62386daa4148e6a54322aaf5b53eae9e7553240222f",
                "sha256:7ee9c320bb0f9ffdf9f6fa6a696ef2e005d1f66438d6f1c1457338e00a02e8cf",
                "sha256:8c32138975797e681eb175996d64356bcfa124bdbb6a70460b9768c2b35a6fa4",
                "sha256:968fede07d1f9b926a63df97d25ac656cac1a57ebd33701734eaf704bc55d8d8",
                "sha256:a03fc861b86cc586728e3d093ba37f0cc05e65330c3ebd7688e7bae8290f8859",
                "sha256:a38df8df61194aeaae1ab7579075779b4ad32cd1cffd012c28be227fa7f2a70a",
                "sha256:a988bac6572630e1e9c2edd9b1277b4eefd1c86209e52b0d061b775ac33902ff",
                "sha256:ab046f2ff789b1f11b2491909682c5d089934835f9a760fafc180e47dcb676b8",
                "sha256:afa08343069874a30812871d639f9c02b4158ace065601406a493a8511180c02",
                "sha256:c7a9152f5876fef565516aa5dd1dccd6fc298a5891b2467973905103eb5c7856",
                "sha256:cb5cc7b25acabd384f75bbd78892d0c724943f3e2e1986254665a1aa10982e07",
                "sha256:d3b3db9990c3840986a0e70524e122cfa32b91139c3653df76121ba7776e015f",
                "sha256:d4b1a70a3e5219790d6b55b9507606fc4e02911d1497d16c18dd721eb7efe7d0",
                "sha256:dc74fd9995513d33eac63d64e436240f5494ec74d522a9f0920194942fc3d2d7",
                "sha256:e04fde367b2fe901b1d47234426fe8819909bd1dd862a5adb630f27789c20599"
            ],
            "markers": "python_version >= '3.9'",
            "version": "==0.5.0"
        },
        "namex": {
            "hashes": [
                "sha256:32a50f6c565c0bb10aa76298c959507abdc0e850efe085dc38f3440fcb3aa90b",
                "sha256:7ddb6c2bb0e753a311b7590f84f6da659dd0c05e65cb89d519d54c0a250c0487"
            ],
            "version": "==0.0.8"
        },
        "numpy": {
            "hashes": [
                "sha256:016d0f6f5e77b0f0d45d77387ffa4bb89816b57c835580c3ce8e099ef830befe",
                "sha256:02135ade8b8a84011cbb67dc44e07c58f28575cf9ecf8ab304e51c05528c19f0",
                "sha256:08788d27a5fd867a663f6fc753fd7c3ad7e92747efc73c53bca2f19f8bc06f48",
                "sha256:0d30c543f02e84e92c4b1f415b7c6b5326cbe45ee7882b6b77db7195fb971e3a",
                "sha256:0fa14563cc46422e99daef53d725d0c326e99e468a9320a240affffe87852564",
                "sha256:13138eadd4f4da03074851a698ffa7e405f41a0845a6b1ad135b81596e4e9958",
                "sha256:14e253bd43fc6b37af4921b10f6add6925878a42a0c5fe83daee390bca80bc17",
                "sha256:15cb89f39fa6d0bdfb600ea24b250e5f1a3df23f901f51c8debaa6a5d122b2f0",
                "sha256:17ee83a1f4fef3c94d16dc1802b998668b5419362c8a4f4e8a491de1b41cc3ee",
                "sha256:2312b2aa89e1f43ecea6da6ea9a810d06aae08321609d8dc0d0eda6d946a541b",
                "sha256:2564fbdf2b99b3f815f2107c1bbc93e2de8ee655a69c261363a1172a79a257d4",
                "sha256:3522b0dfe983a575e6a9ab3a4a4dfe156c3e428468ff08ce582b9bb6bd1d71d4",
                "sha256:4394bc0dbd074b7f9b52024832d16e019decebf86caf909d94f6b3f77a8ee3b6",
                "sha256:45966d859916ad02b779706bb43b954281db43e185015df6eb3323120188f9e4",
                "sha256:4d1167c53b93f1f5d8a139a742b3c6f4d429b54e74e6b57d0eff40045187b15d",
                "sha256:4f2015dfe437dfebbfce7c85c7b53d81ba49e71ba7eadbf1df40c915af75979f",
                "sha256:50ca6aba6e163363f132b5c101ba078b8cbd3fa92c7865fd7d4d62d9779ac29f",
                "sha256:50d18c4358a0a8a53f12a8ba9d772ab2d460321e6a93d6064fc22443d189853f",
                "sha256:5641516794ca9e5f8a4d17bb45446998c6554704d888f86df9b200e66bdcce56",
                "sha256:576a1c1d25e9e02ed7fa5477f30a127fe56debd53b8d2c89d5578f9857d03ca9",
                "sha256:6a4825252fcc430a182ac4dee5a505053d262c807f8a924603d411f6718b88fd",
                "sha256:72dcc4a35a8515d83e76b58fdf8113a5c969ccd505c8a946759b24e3182d1f23",
                "sha256:747641635d3d44bcb380d950679462fae44f54b131be347d5ec2bce47d3df9ed",
                "sha256:762479be47a4863e261a840e8e01608d124ee1361e48b96916f38b119cfda04a",
                "sha256:78574ac2d1a4a02421f25da9559850d59457bac82f2b8d7a44fe83a64f770098",
                "sha256:825656d0743699c529c5943554d223c021ff0494ff1442152ce887ef4f7561a1",
                "sha256:8637dcd2caa676e475503d1f8fdb327bc495554e10838019651b76d17b98e512",
                "sha256:96fe52fcdb9345b7cd82ecd34547fca4321f7656d500eca497eb7ea5a926692f",
                "sha256:973faafebaae4c0aaa1a1ca1ce02434554d67e628b8d805e61f874b84e136b09",
                "sha256:996bb9399059c5b82f76b53ff8bb686069c05acc94656bb259b1d63d04a9506f",
                "sha256:a38c19106902bb19351b83802531fea19dee18e5b37b36454f27f11ff956f7fc",
                "sha256:a6b46587b14b888e95e4a24d7b13ae91fa22386c199ee7b418f449032b2fa3b8",
                "sha256:a9f7f672a3388133335589cfca93ed468509cb7b93ba3105fce780d04a6576a0",
                "sha256:aa08e04e08aaf974d4458def539dece0d28146d866a39da5639596f4921fd761",
                "sha256:b0df3635b9c8ef48bd3be5f862cf71b0a4716fa0e702155c45067c6b711ddcef",
                "sha256:b47fbb433d3260adcd51eb54f92a2ffbc90a4595f8970ee00e064c644ac788f5",
                "sha256:baed7e8d7481bfe0874b566850cb0b85243e982388b7b23348c6db2ee2b2ae8e",
                "sha256:bc6f24b3d1ecc1eebfbf5d6051faa49af40b03be1aaa781ebdadcbc090b4539b",
                "sha256:c006b607a865b07cd981ccb218a04fc86b600411d83d6fc261357f1c0966755d",
                "sha256:c181ba05ce8299c7aa3125c27b9c2167bca4a4445b7ce73d5febc411ca692e43",
                "sha256:c7662f0e3673fe4e832fe07b65c50342ea27d989f92c80355658c7f888fcc83c",
                "sha256:c80e4a09b3d95b4e1cac08643f1152fa71a0a821a2d4277334c88d54b2219a41",
                "sha256:c894b4305373b9c5576d7a12b473702afdf48ce5369c074ba304cc5ad8730dff",
                "sha256:d7aac50327da5d208db2eec22eb11e491e3fe13d22653dce51b0f4109101b408",
                "sha256:d89dd2b6da69c4fff5e39c28a382199ddedc3a5be5390115608345dec660b9e2",
                "sha256:d9beb777a78c331580705326d2367488d5bc473b49a9bc3036c154832520aca9",
                "sha256:dc258a761a16daa791081d026f0ed4399b582712e6fc887a95af09df10c5ca57",
                "sha256:e14e26956e6f1696070788252dcdff11b4aca4c3e8bd166e0df1bb8f315a67cb",
                "sha256:e6988e90fcf617da2b5c78902fe8e668361b43b4fe26dbf2d7b0f8034d4cafb9",
                "sha256:e711e02f49e176a01d0349d82cb5f05ba4db7d5e7e0defd026328e5cfb3226d3",
                "sha256:ea4dedd6e394a9c180b33c2c872b92f7ce0f8e7ad93e9585312b0c5a04777a4a",
                "sha256:ecc76a9ba2911d8d37ac01de72834d8849e55473457558e12995f4cd53e778e0",
                "sha256:f55ba01150f52b1027829b50d70ef1dafd9821ea82905b63936668403c3b471e",
                "sha256:f653490b33e9c3a4c1c01d41bc2aef08f9475af51146e4a7710c450cf9761598",
                "sha256:fa2d1337dc61c8dc417fbccf20f6d1e139896a30721b7f1e832b2bb6ef4eb6c4"
            ],
            "markers": "python_version >= '3.10'",
            "version": "==2.1.3"
        },
        "optree": {
            "hashes": [
                "sha256:0008cd39169c1fc10870528b2decfea8b79e61042c12d65a964f3b1cf41cc37d",
                "sha256:069bf166b7aa48ccf8dfe76b920d2115dd8261107c7895d02500b2ce39621b40",
                "sha256:0a34c11d637cb01217828e28eef382c621c9ec53f981d8ccbfe56e0a11cda501",
                "sha256:0c736ce6f4b8857bd171f3682ef849e3d67692c3fc4db42b99c5d2c7cc1bdf11",
                "sha256:11b78c8a18894fe9503515d073a60ebaed366aeb3cfa65e61e7e71ae833f640b",
                "sha256:1318434b0740a2325c197e191e6dd53d9df0a8ac0338c67d58b476aad9d07829",
                "sha256:1a1aab34de5ac7673fbfb94266bf10482be51985c7f899c3e767ce19d13ce3b4",
                "sha256:1bc65743e8edb29e902cab894d1c4665a8fd6f8d10f75db68a2cef6c7246fa5c",
                "sha256:1ea493cde8c60f7950ccbd682bd67e787bf67ed2251d6d3e9ad7471b72d37538",
                "sha256:1fb74282fce108e07972e88dbc23f6b7650c2d3bbddbedc2002d3e0becb1c452",
                "sha256:246020f0be50fb66791d8a25c4acb59ad0b4bbdea71c998e375eba4c58fbc3e0",
                "sha256:24fcd4cb659bcd9b675bc3401950de891b32a047c4787857fb870cd515fcc315",
                "sha256:278e2c620df99f5b1477b375b01cf9658528fa0332c0bc431d3ec65857244094",
                "sha256:2a423897010c6d8490097671d907da1b6ee90d3fa783aaad5e36e46e0a73bc5e",
                "sha256:2e282212ddf3aafb10ca6ca223772e06ea3c31687c9cae192467b8e0a7dafbfc",
                "sha256:36b32155dce29edb6f63a99a44d6da2d8fcd1c56353cc2f4af65f793a0b2712f",
                "sha256:36c58b94669c9072d645e02c0c65c7455f8f136ef8f7b56a5d9123847421f95b",
                "sha256:4207f6fa0bd4730f5496772c139f1444b2b69e4eeb0f454e2100b5a380648f70",
                "sha256:44449e3bc5e7530b50c9a1f5bcf2971ffe317e34edd74d8c9778c5d32078114d",
                "sha256:46623259b10f6e3565ea0d37e0b313feb20484bccb005459b3504e1aa706b730",
                "sha256:46a9e66217fdf421e25c133089c94f8f99bc38a2b5a4a2c0c1e0c1b02b01dda4",
                "sha256:4771266f05e99e94312add38d45bf97a4d98449aeab100f5c658c521152eb5e5",
                "sha256:496170a3d093a7fb69be7ce847f5b5b3aa30a6da81457ba6b54268e6e97c6b13",
                "sha256:50a9e2d9ffff99d45b37289a3422ed3723a45225616f5b48cea606ff0f539c0f",
                "sha256:539962675b547957c64b52b7f82178febb9c0f2d47438b810bbc23cfdcf84821",
                "sha256:54be625517ef3cf52905da7fee63795b2f154dbdb02b37e8cfd63e7fb2f266ea",
                "sha256:557b415b41006cca88d86ad190b795455e9334d3cf5838e63c4c668a65227ccb",
                "sha256:5703637ede6fba04cbeabbb47aada7d17606c2d4df73305063f4a3c829c21fc7",
                "sha256:58cc303f982fb0f23644b7f8e98b4f64b0d031365fcc2284da896e96493176d2",
                "sha256:5c2803d4ef257f2599cffd0e9d60cfb3d4c522abbe8f5a839bd48d8edd26dae7",
                "sha256:5cf612aefe0201a2995763cce82b9cd03cbddd2bfd6f8975f910c091dfa7bb5f",
                "sha256:5de8da9bbdd08b6200244ee818cd15d1da0f2b06ac926dba0e686260bac7fd40",
                "sha256:6201c065791422a73d5aeb4916e00879de9b097cf54526f82b5b3c297126d938",
                "sha256:6866b6e4154303dc7c48c7ca3b867a8ce31d469334b67976dfc0513455aa1ca0",
                "sha256:695b3f1aab50519230e3d8d86abaedaadf91af105b569cce3b8ebe0dc612b312",
                "sha256:73543a82be71c041d5b169754089a58d02063eb72ac8688533b6fc26ab6beea8",
                "sha256:7797c54a35e9d89b4664ec7d542745b87b5ffa9c1201c1062fdcd488eb583390",
                "sha256:7941d3bd48d860d0e17ca24827b5233ea27bb4227e822eafb3897df1f43f8342",
                "sha256:7b8fe0442ac5e50b5e6bceb37dcc2cd4908e7716b869cbe6b8901cc0b489884f",
                "sha256:8244d0fbfe1ef15ffb443f3d32a44aff062adbef0a7fd6db3f011999df966223",
                "sha256:87870346278f46a8c22866ff48716590be35b4aea16e1373e695fb6442c28c41",
                "sha256:89f08fc3724b2fe7a081b69dfd3ad6625960443e1f61a984cae7c627776f12f4",
                "sha256:8e001d9c902e98912503eca66c93d4b4b22f5071e4ab777f4db9e140f35288f4",
                "sha256:8f76a65ff322b3d47af2a23f60409d6d8f184804da551c734e355834e69c0dfb",
                "sha256:92d1c34b6022bedee4b3899f3a9a1105777da11a9abf1a51f4d84bed8f037fa1",
                "sha256:94ecab158521225b20e44d67c8afc2d9af6760985a9f489d21bf2aa8bbe467f8",
                "sha256:954899edc024f13079932418f59bbdadabc52d9dcb49c7b559c382c7be352dfc",
                "sha256:9b4195a6ba2052c70bac6d73f19aa69644424c5a30fa09f7319cc1b59e15acb6",
                "sha256:9d735a7d2d2e2eb9a88d932d35b335c10fae9038034f381b6d437dafed46497e",
                "sha256:9e48491e042f956d4232ebc138e07074100878c0080e3ba10af4c2db1ba4df9f",
                "sha256:9f44a58f87059161f300e2be66ad3878fff540d27f5dcd69b21feae65c243a02",
                "sha256:9f6fc47c9b10d1a9e77163ebd6f2e251af41fab895475d2ce9643423a41899af",
                "sha256:a53ae0a0eb128a69a74db4165e7e5f24d54e2711678622198f7073dcb991962f",
                "sha256:abeb8acc83d168063b70168ccf8dfd55f5a7ce50f9af2ca025c41285781ecdd4",
                "sha256:ac3b454f98d28a89c15a1170e771c61902cbc53eed126db36138b684dba5a729",
                "sha256:b08e4873814d11aa25ef3927c848b9e5cf21215b925e83875b9fe11c7a035b0e",
                "sha256:b74afed3db289228e0f95a8909835365f644eb69ff31cd6c0b45608ca9e56d78",
                "sha256:bc95c1d0c7acd534184bf3ba243a454e0942e4a7c8b9edd32d939fc15e33d753",
                "sha256:c0f9f250f617f114061ab718d460be6be8e0a1cbbfdbbfb5541ed1c8fefee150",
                "sha256:c6a290ba771cc9004f9fc194d23ab11ee4aae71550ca874c3dc985af5b5f910b",
                "sha256:c95488ecbab2916de094e68f2a2c55c9475b2e979c03d91a6cd3565f9e5ff2f9",
                "sha256:c98a43204841cc4698155acb523d7b21a78f8b05666704359e0fddecd5d1043d",
                "sha256:ca1e4854134023ba687a7abf45ed3355f773ca7198b6895d88a89030446a9f2e",
                "sha256:cb55eb77541cf280a009829280d5844936dc8a2e4a3eb069c010a1f547dbfe97",
                "sha256:cb8d9a2cebc5fadde98773bb27809a72ff01d11f1037cb58f8e71e740586223e",
                "sha256:cc3cebfd7d0826d223662f01ed0fa25932edf3f62479be13c4d6ff0fab090c34",
                "sha256:d05c320af21efbc132fe887640f7a2dbb36cfb38af6d4e62396fe104b78f7b72",
                "sha256:d12a5665169abceb878d50b55571d6a7690bf97aaaf9a7f5438b10e474fde3f2",
                "sha256:d1ac5343e921ce21f8f10f91158ad6404a1488c1cc22ddfa6b34cfb9d997cebd",
                "sha256:d2c79961d5afeb20557c30a0ae899d14ff58cdf1c0e2c8aa3d6807600d00f619",
                "sha256:d3f61fb669b36c1a714346b18c9c488ad33a58049b7b229785c241de18c005d7",
                "sha256:d58c6e8d4c4fa4e0c31bc4b876960ccba94eb5fcfb045f2b064ce55707034be9",
                "sha256:d6e236c6601480997c6e1dbbd4ab2b7ea0bc82a9a7baa1f681a1b072c9c02677",
                "sha256:d702dbcafcd16e8925e30c0e780ab3dc81450e19008fd3e77494111fc161a2b2",
                "sha256:dda6efabd0621f53eb46a3789ec89c6fd2c90dfb57aebfce3fcda6eab9ed6a7e",
                "sha256:de2729e1e4ae47a07ac3c70ff977ed1ebe19e7b44d5089075c94f7a9a2dc6f4f",
                "sha256:e3d100890a643e12f39de4226ab4f9d0a22842b4f34ae2964d0149419e4d7aff",
                "sha256:e7f9184c6040365e79a0b900507c289b6a4e06ade3c9691e501d176d5cf775cf",
                "sha256:e7fecc701ece0500fe38fc671b5704d904e2dca9a9284b35263b0bd7e5c62527",
                "sha256:e9c619a49984212e5f757e10d5e5f95888b0c08d67a7f2b9f395cede30712dc2",
                "sha256:ebe56c17bf3754335307b17be7f554c5eae47acf738471cf38dba0ec73a42c37",
                "sha256:ef01e79224f0ee6cf2ca642884f0bc04e446227b96dc576c312717eb33552d57",
                "sha256:ef68fdcb3b1743a46210f3c888cd15668a07422aa10b4d4130ba512aac595bf7",
                "sha256:f22f4e46d85f24b5bc49e68043dd754b258b880ac64d72f4f4b9ac1b11f0fb2f",
                "sha256:f5ce67f81fe3d7ca5fed8fdaf93a762a63e1d125e20e425ca7200f9e54a3e3a6",
                "sha256:fbc884f3eab894126398c120b7f92a72a5b9f92db6d8c27d39087da871c642cd",
                "sha256:fc90a5373c92f4a9babb4c40fe148516f52160c0ba803bc9b2f936367f2f7437",
                "sha256:fe9fd84b7d87f365f720699dedd254882ba7e5ef927d3ba1e13413d45963b691"
            ],
            "markers": "python_version >= '3.7'",
            "version": "==0.13.0"
        },
        "packaging": {
            "hashes": [
                "sha256:026ed72c8ed3fcce5bf8950572258698927fd1dbda10a5e981cdf0ac37f4f002",
                "sha256:5b8f2217dbdbd2f7f384c41c628544e6d52f2d0f53c6d0c3ea61aa5d1d7ff124"
            ],
            "markers": "python_version >= '3.8'",
            "version": "==24.1"
        },
        "pygments": {
            "hashes": [
                "sha256:786ff802f32e91311bff3889f6e9a86e81505fe99f2735bb6d60ae0c5004f199",
                "sha256:b8e6aca0523f3ab76fee51799c488e38782ac06eafcf95e7ba832985c8e7b13a"
            ],
            "markers": "python_version >= '3.8'",
            "version": "==2.18.0"
        },
        "rich": {
            "hashes": [
                "sha256:439594978a49a09530cff7ebc4b5c7103ef57baf48d5ea3184f21d9a2befa098",
                "sha256:6049d5e6ec054bf2779ab3358186963bac2ea89175919d699e378b99738c2a90"
            ],
            "markers": "python_full_version >= '3.8.0'",
            "version": "==13.9.4"
        },
        "scikeras": {
            "hashes": [
                "sha256:beeec4536129e316f8ffa56b32cbc097fa9168f3789feb243cadb8d9a36a0084",
                "sha256:bfc720b2755f6c09981da13c9858e999a4bf775c49b0a296847dd1adad4c5d7d"
            ],
            "index": "pypi",
            "markers": "python_full_version >= '3.9.0' and python_version < '4'",
            "version": "==0.13.0"
        },
        "scikit-learn": {
            "hashes": [
                "sha256:03b6158efa3faaf1feea3faa884c840ebd61b6484167c711548fce208ea09445",
                "sha256:178ddd0a5cb0044464fc1bfc4cca5b1833bfc7bb022d70b05db8530da4bb3dd3",
                "sha256:1ff45e26928d3b4eb767a8f14a9a6efbf1cbff7c05d1fb0f95f211a89fd4f5de",
                "sha256:299406827fb9a4f862626d0fe6c122f5f87f8910b86fe5daa4c32dcd742139b6",
                "sha256:2d4cad1119c77930b235579ad0dc25e65c917e756fe80cab96aa3b9428bd3fb0",
                "sha256:394397841449853c2290a32050382edaec3da89e35b3e03d6cc966aebc6a8ae6",
                "sha256:3a686885a4b3818d9e62904d91b57fa757fc2bed3e465c8b177be652f4dd37c8",
                "sha256:3b923d119d65b7bd555c73be5423bf06c0105678ce7e1f558cb4b40b0a5502b1",
                "sha256:3bed4909ba187aca80580fe2ef370d9180dcf18e621a27c4cf2ef10d279a7efe",
                "sha256:52788f48b5d8bca5c0736c175fa6bdaab2ef00a8f536cda698db61bd89c551c1",
                "sha256:57cc1786cfd6bd118220a92ede80270132aa353647684efa385a74244a41e3b1",
                "sha256:643964678f4b5fbdc95cbf8aec638acc7aa70f5f79ee2cdad1eec3df4ba6ead8",
                "sha256:6c16d84a0d45e4894832b3c4d0bf73050939e21b99b01b6fd59cbb0cf39163b6",
                "sha256:757c7d514ddb00ae249832fe87100d9c73c6ea91423802872d9e74970a0e40b9",
                "sha256:8c412ccc2ad9bf3755915e3908e677b367ebc8d010acbb3f182814524f2e5540",
                "sha256:b0768ad641981f5d3a198430a1d31c3e044ed2e8a6f22166b4d546a5116d7908",
                "sha256:b4237ed7b3fdd0a4882792e68ef2545d5baa50aca3bb45aa7df468138ad8f94d",
                "sha256:b7b0f9a0b1040830d38c39b91b3a44e1b643f4b36e36567b80b7c6bd2202a27f",
                "sha256:c15b1ca23d7c5f33cc2cb0a0d6aaacf893792271cddff0edbd6a40e8319bc113",
                "sha256:ca64b3089a6d9b9363cd3546f8978229dcbb737aceb2c12144ee3f70f95684b7",
                "sha256:e9a702e2de732bbb20d3bad29ebd77fc05a6b427dc49964300340e4c9328b3f5",
                "sha256:f60021ec1574e56632be2a36b946f8143bf4e5e6af4a06d85281adc22938e0dd",
                "sha256:f7284ade780084d94505632241bf78c44ab3b6f1e8ccab3d2af58e0e950f9c12",
                "sha256:f763897fe92d0e903aa4847b0aec0e68cadfff77e8a0687cabd946c89d17e675",
                "sha256:f8b0ccd4a902836493e026c03256e8b206656f91fbcc4fde28c57a5b752561f1",
                "sha256:f932a02c3f4956dfb981391ab24bda1dbd90fe3d628e4b42caef3e041c67707a"
            ],
            "markers": "python_version >= '3.9'",
            "version": "==1.5.2"
        },
        "scipy": {
            "hashes": [
                "sha256:0c2f95de3b04e26f5f3ad5bb05e74ba7f68b837133a4492414b3afd79dfe540e",
                "sha256:1729560c906963fc8389f6aac023739ff3983e727b1a4d87696b7bf108316a79",
                "sha256:278266012eb69f4a720827bdd2dc54b2271c97d84255b2faaa8f161a158c3b37",
                "sha256:2843f2d527d9eebec9a43e6b406fb7266f3af25a751aa91d62ff416f54170bc5",
                "sha256:2da0469a4ef0ecd3693761acbdc20f2fdeafb69e6819cc081308cc978153c675",
                "sha256:2ff0a7e01e422c15739ecd64432743cf7aae2b03f3084288f399affcefe5222d",
                "sha256:2ff38e22128e6c03ff73b6bb0f85f897d2362f8c052e3b8ad00532198fbdae3f",
                "sha256:30ac8812c1d2aab7131a79ba62933a2a76f582d5dbbc695192453dae67ad6310",
                "sha256:3a1b111fac6baec1c1d92f27e76511c9e7218f1695d61b59e05e0fe04dc59617",
                "sha256:4079b90df244709e675cdc8b93bfd8a395d59af40b72e339c2287c91860deb8e",
                "sha256:5149e3fd2d686e42144a093b206aef01932a0059c2a33ddfa67f5f035bdfe13e",
                "sha256:5a275584e726026a5699459aa72f828a610821006228e841b94275c4a7c08417",
                "sha256:631f07b3734d34aced009aaf6fedfd0eb3498a97e581c3b1e5f14a04164a456d",
                "sha256:716e389b694c4bb564b4fc0c51bc84d381735e0d39d3f26ec1af2556ec6aad94",
                "sha256:8426251ad1e4ad903a4514712d2fa8fdd5382c978010d1c6f5f37ef286a713ad",
                "sha256:8475230e55549ab3f207bff11ebfc91c805dc3463ef62eda3ccf593254524ce8",
                "sha256:8bddf15838ba768bb5f5083c1ea012d64c9a444e16192762bd858f1e126196d0",
                "sha256:8e32dced201274bf96899e6491d9ba3e9a5f6b336708656466ad0522d8528f69",
                "sha256:8f9ea80f2e65bdaa0b7627fb00cbeb2daf163caa015e59b7516395fe3bd1e066",
                "sha256:97c5dddd5932bd2a1a31c927ba5e1463a53b87ca96b5c9bdf5dfd6096e27efc3",
                "sha256:a49f6ed96f83966f576b33a44257d869756df6cf1ef4934f59dd58b25e0327e5",
                "sha256:af29a935803cc707ab2ed7791c44288a682f9c8107bc00f0eccc4f92c08d6e07",
                "sha256:b05d43735bb2f07d689f56f7b474788a13ed8adc484a85aa65c0fd931cf9ccd2",
                "sha256:b28d2ca4add7ac16ae8bb6632a3c86e4b9e4d52d3e34267f6e1b0c1f8d87e389",
                "sha256:b99722ea48b7ea25e8e015e8341ae74624f72e5f21fc2abd45f3a93266de4c5d",
                "sha256:baff393942b550823bfce952bb62270ee17504d02a1801d7fd0719534dfb9c84",
                "sha256:c0ee987efa6737242745f347835da2cc5bb9f1b42996a4d97d5c7ff7928cb6f2",
                "sha256:d0d2821003174de06b69e58cef2316a6622b60ee613121199cb2852a873f8cf3",
                "sha256:e0cf28db0f24a38b2a0ca33a85a54852586e43cf6fd876365c86e0657cfe7d73",
                "sha256:e4f5a7c49323533f9103d4dacf4e4f07078f360743dec7f7596949149efeec06",
                "sha256:eb58ca0abd96911932f688528977858681a59d61a7ce908ffd355957f7025cfc",
                "sha256:edaf02b82cd7639db00dbff629995ef185c8df4c3ffa71a5562a595765a06ce1",
                "sha256:fef8c87f8abfb884dac04e97824b61299880c43f4ce675dd2cbeadd3c9b466d2"
            ],
            "markers": "python_version >= '3.10'",
            "version": "==1.14.1"
        },
        "threadpoolctl": {
            "hashes": [
                "sha256:082433502dd922bf738de0d8bcc4fdcbf0979ff44c42bd40f5af8a282f6fa107",
                "sha256:56c1e26c150397e58c4926da8eeee87533b1e32bef131bd4bf6a2f45f3185467"
            ],
            "markers": "python_version >= '3.8'",
            "version": "==3.5.0"
        },
        "typing-extensions": {
            "hashes": [
                "sha256:04e5ca0351e0f3f85c6853954072df659d0d13fac324d0072316b67d7794700d",
                "sha256:1a7ead55c7e559dd4dee8856e3a88b41225abfe1ce8df57b7c13915fe121ffb8"
            ],
            "markers": "python_version >= '3.8'",
            "version": "==4.12.2"
        }
    },
    "develop": {}
}
